
Microsoft Visual Studio Solution File, Format Version 12.00
# Visual Studio Version 17
VisualStudioVersion = 17.6.33815.320
MinimumVisualStudioVersion = 10.0.40219.1
Project("{FAE04EC0-301F-11D3-BF4B-00C04F79EFBC}") = "6TI_VandervoortAlexandre_WPF_ACT1Ex1", "6TI_VandervoortAlexandre_WPF_ACT1Ex1.csproj", "{2D018CFD-86BE-427F-A16F-D4C263EF56D0}"
EndProject
Global
	GlobalSection(SolutionConfigurationPlatforms) = preSolution
		Debug|Any CPU = Debug|Any CPU
		Release|Any CPU = Release|Any CPU
	EndGlobalSection
	GlobalSection(ProjectConfigurationPlatforms) = postSolution
		{2D018CFD-86BE-427F-A16F-D4C263EF56D0}.Debug|Any CPU.ActiveCfg = Debug|Any CPU
		{2D018CFD-86BE-427F-A16F-D4C263EF56D0}.Debug|Any CPU.Build.0 = Debug|Any CPU
		{2D018CFD-86BE-427F-A16F-D4C263EF56D0}.Release|Any CPU.ActiveCfg = Release|Any CPU
		{2D018CFD-86BE-427F-A16F-D4C263EF56D0}.Release|Any CPU.Build.0 = Release|Any CPU
	EndGlobalSection
	GlobalSection(SolutionProperties) = preSolution
		HideSolutionNode = FALSE
	EndGlobalSection
	GlobalSection(ExtensibilityGlobals) = postSolution
		SolutionGuid = {D2868197-426D-4B3E-8288-4A6708A1B16C}
	EndGlobalSection
EndGlobal
