
Microsoft Visual Studio Solution File, Format Version 12.00
# Visual Studio Version 17
VisualStudioVersion = 17.6.33815.320
MinimumVisualStudioVersion = 10.0.40219.1
Project("{FAE04EC0-301F-11D3-BF4B-00C04F79EFBC}") = "6TTI_VandervoortAlexandre_WPFAct3", "6TTI_VandervoortAlexandre_WPFAct3.csproj", "{39D53600-F51C-4ABF-8AB4-C851DF4CA276}"
EndProject
Global
	GlobalSection(SolutionConfigurationPlatforms) = preSolution
		Debug|Any CPU = Debug|Any CPU
		Release|Any CPU = Release|Any CPU
	EndGlobalSection
	GlobalSection(ProjectConfigurationPlatforms) = postSolution
		{39D53600-F51C-4ABF-8AB4-C851DF4CA276}.Debug|Any CPU.ActiveCfg = Debug|Any CPU
		{39D53600-F51C-4ABF-8AB4-C851DF4CA276}.Debug|Any CPU.Build.0 = Debug|Any CPU
		{39D53600-F51C-4ABF-8AB4-C851DF4CA276}.Release|Any CPU.ActiveCfg = Release|Any CPU
		{39D53600-F51C-4ABF-8AB4-C851DF4CA276}.Release|Any CPU.Build.0 = Release|Any CPU
	EndGlobalSection
	GlobalSection(SolutionProperties) = preSolution
		HideSolutionNode = FALSE
	EndGlobalSection
	GlobalSection(ExtensibilityGlobals) = postSolution
		SolutionGuid = {C6BB70A3-EAB3-4720-BAED-BED9446E2D98}
	EndGlobalSection
EndGlobal
