
Microsoft Visual Studio Solution File, Format Version 12.00
# Visual Studio Version 17
VisualStudioVersion = 17.6.33815.320
MinimumVisualStudioVersion = 10.0.40219.1
Project("{FAE04EC0-301F-11D3-BF4B-00C04F79EFBC}") = "6TI_VA_Act6Ex5", "6TI_VA_Act6Ex5.csproj", "{FFFD0CA3-8953-4CE3-AB50-12D4EA7439EF}"
EndProject
Global
	GlobalSection(SolutionConfigurationPlatforms) = preSolution
		Debug|Any CPU = Debug|Any CPU
		Release|Any CPU = Release|Any CPU
	EndGlobalSection
	GlobalSection(ProjectConfigurationPlatforms) = postSolution
		{FFFD0CA3-8953-4CE3-AB50-12D4EA7439EF}.Debug|Any CPU.ActiveCfg = Debug|Any CPU
		{FFFD0CA3-8953-4CE3-AB50-12D4EA7439EF}.Debug|Any CPU.Build.0 = Debug|Any CPU
		{FFFD0CA3-8953-4CE3-AB50-12D4EA7439EF}.Release|Any CPU.ActiveCfg = Release|Any CPU
		{FFFD0CA3-8953-4CE3-AB50-12D4EA7439EF}.Release|Any CPU.Build.0 = Release|Any CPU
	EndGlobalSection
	GlobalSection(SolutionProperties) = preSolution
		HideSolutionNode = FALSE
	EndGlobalSection
	GlobalSection(ExtensibilityGlobals) = postSolution
		SolutionGuid = {3CB9E979-76F0-4054-82B9-D14901346DAE}
	EndGlobalSection
EndGlobal
