
Microsoft Visual Studio Solution File, Format Version 12.00
# Visual Studio Version 17
VisualStudioVersion = 17.6.33815.320
MinimumVisualStudioVersion = 10.0.40219.1
Project("{FAE04EC0-301F-11D3-BF4B-00C04F79EFBC}") = "6TTI_VandervoortAlexandre_UAA14MiseEnRouteEx2", "6TTI_VandervoortAlexandre_UAA14MiseEnRouteEx2.csproj", "{77643226-96BD-4CA8-9073-85FBFC90A2F6}"
EndProject
Global
	GlobalSection(SolutionConfigurationPlatforms) = preSolution
		Debug|Any CPU = Debug|Any CPU
		Release|Any CPU = Release|Any CPU
	EndGlobalSection
	GlobalSection(ProjectConfigurationPlatforms) = postSolution
		{77643226-96BD-4CA8-9073-85FBFC90A2F6}.Debug|Any CPU.ActiveCfg = Debug|Any CPU
		{77643226-96BD-4CA8-9073-85FBFC90A2F6}.Debug|Any CPU.Build.0 = Debug|Any CPU
		{77643226-96BD-4CA8-9073-85FBFC90A2F6}.Release|Any CPU.ActiveCfg = Release|Any CPU
		{77643226-96BD-4CA8-9073-85FBFC90A2F6}.Release|Any CPU.Build.0 = Release|Any CPU
	EndGlobalSection
	GlobalSection(SolutionProperties) = preSolution
		HideSolutionNode = FALSE
	EndGlobalSection
	GlobalSection(ExtensibilityGlobals) = postSolution
		SolutionGuid = {92A6F83E-92E8-4128-83F9-6666A28D24FF}
	EndGlobalSection
EndGlobal
