
Microsoft Visual Studio Solution File, Format Version 12.00
# Visual Studio Version 17
VisualStudioVersion = 17.6.33815.320
MinimumVisualStudioVersion = 10.0.40219.1
Project("{FAE04EC0-301F-11D3-BF4B-00C04F79EFBC}") = "6TI_VA_Act4_Ex_CD_2", "6TI_VA_Act4_Ex_CD_2.csproj", "{83793AA1-AE4C-4F51-8843-813897DADC23}"
EndProject
Global
	GlobalSection(SolutionConfigurationPlatforms) = preSolution
		Debug|Any CPU = Debug|Any CPU
		Release|Any CPU = Release|Any CPU
	EndGlobalSection
	GlobalSection(ProjectConfigurationPlatforms) = postSolution
		{83793AA1-AE4C-4F51-8843-813897DADC23}.Debug|Any CPU.ActiveCfg = Debug|Any CPU
		{83793AA1-AE4C-4F51-8843-813897DADC23}.Debug|Any CPU.Build.0 = Debug|Any CPU
		{83793AA1-AE4C-4F51-8843-813897DADC23}.Release|Any CPU.ActiveCfg = Release|Any CPU
		{83793AA1-AE4C-4F51-8843-813897DADC23}.Release|Any CPU.Build.0 = Release|Any CPU
	EndGlobalSection
	GlobalSection(SolutionProperties) = preSolution
		HideSolutionNode = FALSE
	EndGlobalSection
	GlobalSection(ExtensibilityGlobals) = postSolution
		SolutionGuid = {2D31D43B-1C6E-4911-87A5-590704AE6F8E}
	EndGlobalSection
EndGlobal
