
Microsoft Visual Studio Solution File, Format Version 12.00
# Visual Studio Version 17
VisualStudioVersion = 17.12.35527.113 d17.12
MinimumVisualStudioVersion = 10.0.40219.1
Project("{FAE04EC0-301F-11D3-BF4B-00C04F79EFBC}") = "6TI_VandervoortAlexandre_Act10_ClassesLiees", "6TI_VandervoortAlexandre_Act10_ClassesLiees.csproj", "{CD5F668E-7FCC-4FA0-B2A9-6F5F8866AAE3}"
EndProject
Global
	GlobalSection(SolutionConfigurationPlatforms) = preSolution
		Debug|Any CPU = Debug|Any CPU
		Release|Any CPU = Release|Any CPU
	EndGlobalSection
	GlobalSection(ProjectConfigurationPlatforms) = postSolution
		{CD5F668E-7FCC-4FA0-B2A9-6F5F8866AAE3}.Debug|Any CPU.ActiveCfg = Debug|Any CPU
		{CD5F668E-7FCC-4FA0-B2A9-6F5F8866AAE3}.Debug|Any CPU.Build.0 = Debug|Any CPU
		{CD5F668E-7FCC-4FA0-B2A9-6F5F8866AAE3}.Release|Any CPU.ActiveCfg = Release|Any CPU
		{CD5F668E-7FCC-4FA0-B2A9-6F5F8866AAE3}.Release|Any CPU.Build.0 = Release|Any CPU
	EndGlobalSection
	GlobalSection(SolutionProperties) = preSolution
		HideSolutionNode = FALSE
	EndGlobalSection
EndGlobal
