
Microsoft Visual Studio Solution File, Format Version 12.00
# Visual Studio Version 17
VisualStudioVersion = 17.6.33815.320
MinimumVisualStudioVersion = 10.0.40219.1
Project("{FAE04EC0-301F-11D3-BF4B-00C04F79EFBC}") = "6TI_VandervoortAlexandre_WPF_Act4_MultiPageWindow", "6TI_VandervoortAlexandre_WPF_Act4_MultiPageWindow.csproj", "{DB56E39E-C5FD-4079-87A8-72959644EB27}"
EndProject
Global
	GlobalSection(SolutionConfigurationPlatforms) = preSolution
		Debug|Any CPU = Debug|Any CPU
		Release|Any CPU = Release|Any CPU
	EndGlobalSection
	GlobalSection(ProjectConfigurationPlatforms) = postSolution
		{DB56E39E-C5FD-4079-87A8-72959644EB27}.Debug|Any CPU.ActiveCfg = Debug|Any CPU
		{DB56E39E-C5FD-4079-87A8-72959644EB27}.Debug|Any CPU.Build.0 = Debug|Any CPU
		{DB56E39E-C5FD-4079-87A8-72959644EB27}.Release|Any CPU.ActiveCfg = Release|Any CPU
		{DB56E39E-C5FD-4079-87A8-72959644EB27}.Release|Any CPU.Build.0 = Release|Any CPU
	EndGlobalSection
	GlobalSection(SolutionProperties) = preSolution
		HideSolutionNode = FALSE
	EndGlobalSection
	GlobalSection(ExtensibilityGlobals) = postSolution
		SolutionGuid = {D2011A87-2A51-482C-8CCD-CE87F61CD5C2}
	EndGlobalSection
EndGlobal
